
Microsoft Visual Studio Solution File, Format Version 12.00
# Visual Studio Version 16
VisualStudioVersion = 16.0.30907.101
MinimumVisualStudioVersion = 10.0.40219.1
Project("{FAE04EC0-301F-11D3-BF4B-00C04F79EFBC}") = "ClassMetotDemo", "ClassMetotDemo\ClassMetotDemo.csproj", "{BD768397-3D4B-4B8A-9A3F-D99D2E5B6E9C}"
EndProject
Global
	GlobalSection(SolutionConfigurationPlatforms) = preSolution
		Debug|Any CPU = Debug|Any CPU
		Release|Any CPU = Release|Any CPU
	EndGlobalSection
	GlobalSection(ProjectConfigurationPlatforms) = postSolution
		{BD768397-3D4B-4B8A-9A3F-D99D2E5B6E9C}.Debug|Any CPU.ActiveCfg = Debug|Any CPU
		{BD768397-3D4B-4B8A-9A3F-D99D2E5B6E9C}.Debug|Any CPU.Build.0 = Debug|Any CPU
		{BD768397-3D4B-4B8A-9A3F-D99D2E5B6E9C}.Release|Any CPU.ActiveCfg = Release|Any CPU
		{BD768397-3D4B-4B8A-9A3F-D99D2E5B6E9C}.Release|Any CPU.Build.0 = Release|Any CPU
	EndGlobalSection
	GlobalSection(SolutionProperties) = preSolution
		HideSolutionNode = FALSE
	EndGlobalSection
	GlobalSection(ExtensibilityGlobals) = postSolution
		SolutionGuid = {B84EA531-0DF2-4C5D-9DA7-711F1F05C636}
	EndGlobalSection
EndGlobal
